// !$*UTF8*$!
{
	archiveVersion = 1;
	classes = {
	};
	objectVersion = 48;
	objects = {

/* Begin PBXBuildFile section */
		584422D9256CBF3F7960D11F /* Pods_SmackApp.framework in Frameworks */ = {isa = PBXBuildFile; fileRef = 7D776200560AD4E471B8A55A /* Pods_SmackApp.framework */; };
		BA7E8CA72012632F0075DAD4 /* AppDelegate.swift in Sources */ = {isa = PBXBuildFile; fileRef = BA7E8CA62012632F0075DAD4 /* AppDelegate.swift */; };
		BA7E8CAC2012632F0075DAD4 /* Main.storyboard in Resources */ = {isa = PBXBuildFile; fileRef = BA7E8CAA2012632F0075DAD4 /* Main.storyboard */; };
		BA7E8CAE2012632F0075DAD4 /* Assets.xcassets in Resources */ = {isa = PBXBuildFile; fileRef = BA7E8CAD2012632F0075DAD4 /* Assets.xcassets */; };
		BA7E8CB12012632F0075DAD4 /* LaunchScreen.storyboard in Resources */ = {isa = PBXBuildFile; fileRef = BA7E8CAF2012632F0075DAD4 /* LaunchScreen.storyboard */; };
		BA7E8CBC2012662F0075DAD4 /* SWRevealViewController.m in Sources */ = {isa = PBXBuildFile; fileRef = BA7E8CBB2012662F0075DAD4 /* SWRevealViewController.m */; };
		BA7E8CC1201269E20075DAD4 /* ChatVC.swift in Sources */ = {isa = PBXBuildFile; fileRef = BA7E8CC0201269E20075DAD4 /* ChatVC.swift */; };
		BA7E8CC3201269F70075DAD4 /* ChannelVC.swift in Sources */ = {isa = PBXBuildFile; fileRef = BA7E8CC2201269F70075DAD4 /* ChannelVC.swift */; };
		BA7E8CC520126F630075DAD4 /* GradientView.swift in Sources */ = {isa = PBXBuildFile; fileRef = BA7E8CC420126F630075DAD4 /* GradientView.swift */; };
		BA7E8CC820127D530075DAD4 /* Constants.swift in Sources */ = {isa = PBXBuildFile; fileRef = BA7E8CC720127D530075DAD4 /* Constants.swift */; };
		BA7E8CCA2012818C0075DAD4 /* LoginVC.swift in Sources */ = {isa = PBXBuildFile; fileRef = BA7E8CC92012818C0075DAD4 /* LoginVC.swift */; };
		BA7E8CCC201283080075DAD4 /* CreateAccountVC.swift in Sources */ = {isa = PBXBuildFile; fileRef = BA7E8CCB201283080075DAD4 /* CreateAccountVC.swift */; };
/* End PBXBuildFile section */

/* Begin PBXFileReference section */
		14B00FCF8B1540E3C61C1061 /* Pods-SmackApp.debug.xcconfig */ = {isa = PBXFileReference; includeInIndex = 1; lastKnownFileType = text.xcconfig; name = "Pods-SmackApp.debug.xcconfig"; path = "Pods/Target Support Files/Pods-SmackApp/Pods-SmackApp.debug.xcconfig"; sourceTree = "<group>"; };
		7D776200560AD4E471B8A55A /* Pods_SmackApp.framework */ = {isa = PBXFileReference; explicitFileType = wrapper.framework; includeInIndex = 0; path = Pods_SmackApp.framework; sourceTree = BUILT_PRODUCTS_DIR; };
		A07062B7BA573304FD51712E /* Pods-SmackApp.release.xcconfig */ = {isa = PBXFileReference; includeInIndex = 1; lastKnownFileType = text.xcconfig; name = "Pods-SmackApp.release.xcconfig"; path = "Pods/Target Support Files/Pods-SmackApp/Pods-SmackApp.release.xcconfig"; sourceTree = "<group>"; };
		BA7E8CA32012632F0075DAD4 /* SmackApp.app */ = {isa = PBXFileReference; explicitFileType = wrapper.application; includeInIndex = 0; path = SmackApp.app; sourceTree = BUILT_PRODUCTS_DIR; };
		BA7E8CA62012632F0075DAD4 /* AppDelegate.swift */ = {isa = PBXFileReference; lastKnownFileType = sourcecode.swift; path = AppDelegate.swift; sourceTree = "<group>"; };
		BA7E8CAB2012632F0075DAD4 /* Base */ = {isa = PBXFileReference; lastKnownFileType = file.storyboard; name = Base; path = Base.lproj/Main.storyboard; sourceTree = "<group>"; };
		BA7E8CAD2012632F0075DAD4 /* Assets.xcassets */ = {isa = PBXFileReference; lastKnownFileType = folder.assetcatalog; path = Assets.xcassets; sourceTree = "<group>"; };
		BA7E8CB02012632F0075DAD4 /* Base */ = {isa = PBXFileReference; lastKnownFileType = file.storyboard; name = Base; path = Base.lproj/LaunchScreen.storyboard; sourceTree = "<group>"; };
		BA7E8CB22012632F0075DAD4 /* Info.plist */ = {isa = PBXFileReference; lastKnownFileType = text.plist.xml; path = Info.plist; sourceTree = "<group>"; };
		BA7E8CB9201266240075DAD4 /* SWRevealViewController.h */ = {isa = PBXFileReference; fileEncoding = 4; lastKnownFileType = sourcecode.c.h; path = SWRevealViewController.h; sourceTree = "<group>"; };
		BA7E8CBA2012662E0075DAD4 /* SmackApp-Bridging-Header.h */ = {isa = PBXFileReference; lastKnownFileType = sourcecode.c.h; path = "SmackApp-Bridging-Header.h"; sourceTree = "<group>"; };
		BA7E8CBB2012662F0075DAD4 /* SWRevealViewController.m */ = {isa = PBXFileReference; fileEncoding = 4; lastKnownFileType = sourcecode.c.objc; path = SWRevealViewController.m; sourceTree = "<group>"; };
		BA7E8CC0201269E20075DAD4 /* ChatVC.swift */ = {isa = PBXFileReference; lastKnownFileType = sourcecode.swift; path = ChatVC.swift; sourceTree = "<group>"; };
		BA7E8CC2201269F70075DAD4 /* ChannelVC.swift */ = {isa = PBXFileReference; lastKnownFileType = sourcecode.swift; path = ChannelVC.swift; sourceTree = "<group>"; };
		BA7E8CC420126F630075DAD4 /* GradientView.swift */ = {isa = PBXFileReference; lastKnownFileType = sourcecode.swift; path = GradientView.swift; sourceTree = "<group>"; };
		BA7E8CC720127D530075DAD4 /* Constants.swift */ = {isa = PBXFileReference; lastKnownFileType = sourcecode.swift; path = Constants.swift; sourceTree = "<group>"; };
		BA7E8CC92012818C0075DAD4 /* LoginVC.swift */ = {isa = PBXFileReference; lastKnownFileType = sourcecode.swift; path = LoginVC.swift; sourceTree = "<group>"; };
		BA7E8CCB201283080075DAD4 /* CreateAccountVC.swift */ = {isa = PBXFileReference; lastKnownFileType = sourcecode.swift; path = CreateAccountVC.swift; sourceTree = "<group>"; };
/* End PBXFileReference section */

/* Begin PBXFrameworksBuildPhase section */
		BA7E8CA02012632F0075DAD4 /* Frameworks */ = {
			isa = PBXFrameworksBuildPhase;
			buildActionMask = 2147483647;
			files = (
				584422D9256CBF3F7960D11F /* Pods_SmackApp.framework in Frameworks */,
			);
			runOnlyForDeploymentPostprocessing = 0;
		};
/* End PBXFrameworksBuildPhase section */

/* Begin PBXGroup section */
		B3A0D4E0CA4FA00DC79C0B64 /* Frameworks */ = {
			isa = PBXGroup;
			children = (
				7D776200560AD4E471B8A55A /* Pods_SmackApp.framework */,
			);
			name = Frameworks;
			sourceTree = "<group>";
		};
		B582CA42B358AD2856A3BCB3 /* Pods */ = {
			isa = PBXGroup;
			children = (
				14B00FCF8B1540E3C61C1061 /* Pods-SmackApp.debug.xcconfig */,
				A07062B7BA573304FD51712E /* Pods-SmackApp.release.xcconfig */,
			);
			name = Pods;
			sourceTree = "<group>";
		};
		BA7E8C9A2012632F0075DAD4 = {
			isa = PBXGroup;
			children = (
				BA7E8CA52012632F0075DAD4 /* SmackApp */,
				BA7E8CA42012632F0075DAD4 /* Products */,
				B582CA42B358AD2856A3BCB3 /* Pods */,
				B3A0D4E0CA4FA00DC79C0B64 /* Frameworks */,
			);
			sourceTree = "<group>";
		};
		BA7E8CA42012632F0075DAD4 /* Products */ = {
			isa = PBXGroup;
			children = (
				BA7E8CA32012632F0075DAD4 /* SmackApp.app */,
			);
			name = Products;
			sourceTree = "<group>";
		};
		BA7E8CA52012632F0075DAD4 /* SmackApp */ = {
			isa = PBXGroup;
			children = (
				BA7E8CC620127D400075DAD4 /* Utilities */,
				BA7E8CBF201269C10075DAD4 /* Model */,
				BA7E8CBE201269BC0075DAD4 /* View */,
				BA7E8CBD201269B50075DAD4 /* Controller */,
				BA7E8CB82012660D0075DAD4 /* Supporting Files */,
				BA7E8CA62012632F0075DAD4 /* AppDelegate.swift */,
				BA7E8CAA2012632F0075DAD4 /* Main.storyboard */,
				BA7E8CAD2012632F0075DAD4 /* Assets.xcassets */,
				BA7E8CAF2012632F0075DAD4 /* LaunchScreen.storyboard */,
				BA7E8CB22012632F0075DAD4 /* Info.plist */,
			);
			path = SmackApp;
			sourceTree = "<group>";
		};
		BA7E8CB82012660D0075DAD4 /* Supporting Files */ = {
			isa = PBXGroup;
			children = (
				BA7E8CBB2012662F0075DAD4 /* SWRevealViewController.m */,
				BA7E8CB9201266240075DAD4 /* SWRevealViewController.h */,
				BA7E8CBA2012662E0075DAD4 /* SmackApp-Bridging-Header.h */,
			);
			path = "Supporting Files";
			sourceTree = "<group>";
		};
		BA7E8CBD201269B50075DAD4 /* Controller */ = {
			isa = PBXGroup;
			children = (
				BA7E8CC0201269E20075DAD4 /* ChatVC.swift */,
				BA7E8CC2201269F70075DAD4 /* ChannelVC.swift */,
				BA7E8CC92012818C0075DAD4 /* LoginVC.swift */,
				BA7E8CCB201283080075DAD4 /* CreateAccountVC.swift */,
			);
			path = Controller;
			sourceTree = "<group>";
		};
		BA7E8CBE201269BC0075DAD4 /* View */ = {
			isa = PBXGroup;
			children = (
				BA7E8CC420126F630075DAD4 /* GradientView.swift */,
			);
			path = View;
			sourceTree = "<group>";
		};
		BA7E8CBF201269C10075DAD4 /* Model */ = {
			isa = PBXGroup;
			children = (
			);
			path = Model;
			sourceTree = "<group>";
		};
		BA7E8CC620127D400075DAD4 /* Utilities */ = {
			isa = PBXGroup;
			children = (
				BA7E8CC720127D530075DAD4 /* Constants.swift */,
			);
			path = Utilities;
			sourceTree = "<group>";
		};
/* End PBXGroup section */

/* Begin PBXNativeTarget section */
		BA7E8CA22012632F0075DAD4 /* SmackApp */ = {
			isa = PBXNativeTarget;
			buildConfigurationList = BA7E8CB52012632F0075DAD4 /* Build configuration list for PBXNativeTarget "SmackApp" */;
			buildPhases = (
				DF8A9A127B62CB0412D7831E /* [CP] Check Pods Manifest.lock */,
				BA7E8C9F2012632F0075DAD4 /* Sources */,
				BA7E8CA02012632F0075DAD4 /* Frameworks */,
				BA7E8CA12012632F0075DAD4 /* Resources */,
				A6BBE67DEF5EE4AD79609CA0 /* [CP] Embed Pods Frameworks */,
				6DAC5575C6FFC95620608504 /* [CP] Copy Pods Resources */,
			);
			buildRules = (
			);
			dependencies = (
			);
			name = SmackApp;
			productName = SmackApp;
			productReference = BA7E8CA32012632F0075DAD4 /* SmackApp.app */;
			productType = "com.apple.product-type.application";
		};
/* End PBXNativeTarget section */

/* Begin PBXProject section */
		BA7E8C9B2012632F0075DAD4 /* Project object */ = {
			isa = PBXProject;
			attributes = {
				LastSwiftUpdateCheck = 0920;
				LastUpgradeCheck = 0920;
				ORGANIZATIONNAME = "Victor Mihaita";
				TargetAttributes = {
					BA7E8CA22012632F0075DAD4 = {
						CreatedOnToolsVersion = 9.2;
						LastSwiftMigration = 0920;
						ProvisioningStyle = Automatic;
					};
				};
			};
			buildConfigurationList = BA7E8C9E2012632F0075DAD4 /* Build configuration list for PBXProject "SmackApp" */;
			compatibilityVersion = "Xcode 8.0";
			developmentRegion = en;
			hasScannedForEncodings = 0;
			knownRegions = (
				en,
				Base,
			);
			mainGroup = BA7E8C9A2012632F0075DAD4;
			productRefGroup = BA7E8CA42012632F0075DAD4 /* Products */;
			projectDirPath = "";
			projectRoot = "";
			targets = (
				BA7E8CA22012632F0075DAD4 /* SmackApp */,
			);
		};
/* End PBXProject section */

/* Begin PBXResourcesBuildPhase section */
		BA7E8CA12012632F0075DAD4 /* Resources */ = {
			isa = PBXResourcesBuildPhase;
			buildActionMask = 2147483647;
			files = (
				BA7E8CB12012632F0075DAD4 /* LaunchScreen.storyboard in Resources */,
				BA7E8CAE2012632F0075DAD4 /* Assets.xcassets in Resources */,
				BA7E8CAC2012632F0075DAD4 /* Main.storyboard in Resources */,
			);
			runOnlyForDeploymentPostprocessing = 0;
		};
/* End PBXResourcesBuildPhase section */

/* Begin PBXShellScriptBuildPhase section */
		6DAC5575C6FFC95620608504 /* [CP] Copy Pods Resources */ = {
			isa = PBXShellScriptBuildPhase;
			buildActionMask = 2147483647;
			files = (
			);
			inputPaths = (
			);
			name = "[CP] Copy Pods Resources";
			outputPaths = (
			);
			runOnlyForDeploymentPostprocessing = 0;
			shellPath = /bin/sh;
			shellScript = "\"${SRCROOT}/Pods/Target Support Files/Pods-SmackApp/Pods-SmackApp-resources.sh\"\n";
			showEnvVarsInLog = 0;
		};
		A6BBE67DEF5EE4AD79609CA0 /* [CP] Embed Pods Frameworks */ = {
			isa = PBXShellScriptBuildPhase;
			buildActionMask = 2147483647;
			files = (
			);
			inputPaths = (
				"${SRCROOT}/Pods/Target Support Files/Pods-SmackApp/Pods-SmackApp-frameworks.sh",
				"${BUILT_PRODUCTS_DIR}/Alamofire/Alamofire.framework",
				"${BUILT_PRODUCTS_DIR}/Socket.IO-Client-Swift/SocketIO.framework",
				"${BUILT_PRODUCTS_DIR}/Starscream/Starscream.framework",
				"${BUILT_PRODUCTS_DIR}/SwiftyJSON/SwiftyJSON.framework",
			);
			name = "[CP] Embed Pods Frameworks";
			outputPaths = (
				"${TARGET_BUILD_DIR}/${FRAMEWORKS_FOLDER_PATH}/Alamofire.framework",
				"${TARGET_BUILD_DIR}/${FRAMEWORKS_FOLDER_PATH}/SocketIO.framework",
				"${TARGET_BUILD_DIR}/${FRAMEWORKS_FOLDER_PATH}/Starscream.framework",
				"${TARGET_BUILD_DIR}/${FRAMEWORKS_FOLDER_PATH}/SwiftyJSON.framework",
			);
			runOnlyForDeploymentPostprocessing = 0;
			shellPath = /bin/sh;
			shellScript = "\"${SRCROOT}/Pods/Target Support Files/Pods-SmackApp/Pods-SmackApp-frameworks.sh\"\n";
			showEnvVarsInLog = 0;
		};
		DF8A9A127B62CB0412D7831E /* [CP] Check Pods Manifest.lock */ = {
			isa = PBXShellScriptBuildPhase;
			buildActionMask = 2147483647;
			files = (
			);
			inputPaths = (
				"${PODS_PODFILE_DIR_PATH}/Podfile.lock",
				"${PODS_ROOT}/Manifest.lock",
			);
			name = "[CP] Check Pods Manifest.lock";
			outputPaths = (
				"$(DERIVED_FILE_DIR)/Pods-SmackApp-checkManifestLockResult.txt",
			);
			runOnlyForDeploymentPostprocessing = 0;
			shellPath = /bin/sh;
			shellScript = "diff \"${PODS_PODFILE_DIR_PATH}/Podfile.lock\" \"${PODS_ROOT}/Manifest.lock\" > /dev/null\nif [ $? != 0 ] ; then\n    # print error to STDERR\n    echo \"error: The sandbox is not in sync with the Podfile.lock. Run 'pod install' or update your CocoaPods installation.\" >&2\n    exit 1\nfi\n# This output is used by Xcode 'outputs' to avoid re-running this script phase.\necho \"SUCCESS\" > \"${SCRIPT_OUTPUT_FILE_0}\"\n";
			showEnvVarsInLog = 0;
		};
/* End PBXShellScriptBuildPhase section */

/* Begin PBXSourcesBuildPhase section */
		BA7E8C9F2012632F0075DAD4 /* Sources */ = {
			isa = PBXSourcesBuildPhase;
			buildActionMask = 2147483647;
			files = (
				BA7E8CC3201269F70075DAD4 /* ChannelVC.swift in Sources */,
				BA7E8CC1201269E20075DAD4 /* ChatVC.swift in Sources */,
				BA7E8CCC201283080075DAD4 /* CreateAccountVC.swift in Sources */,
				BA7E8CCA2012818C0075DAD4 /* LoginVC.swift in Sources */,
				BA7E8CC520126F630075DAD4 /* GradientView.swift in Sources */,
				BA7E8CA72012632F0075DAD4 /* AppDelegate.swift in Sources */,
				BA7E8CBC2012662F0075DAD4 /* SWRevealViewController.m in Sources */,
				BA7E8CC820127D530075DAD4 /* Constants.swift in Sources */,
			);
			runOnlyForDeploymentPostprocessing = 0;
		};
/* End PBXSourcesBuildPhase section */

/* Begin PBXVariantGroup section */
		BA7E8CAA2012632F0075DAD4 /* Main.storyboard */ = {
			isa = PBXVariantGroup;
			children = (
				BA7E8CAB2012632F0075DAD4 /* Base */,
			);
			name = Main.storyboard;
			sourceTree = "<group>";
		};
		BA7E8CAF2012632F0075DAD4 /* LaunchScreen.storyboard */ = {
			isa = PBXVariantGroup;
			children = (
				BA7E8CB02012632F0075DAD4 /* Base */,
			);
			name = LaunchScreen.storyboard;
			sourceTree = "<group>";
		};
/* End PBXVariantGroup section */

/* Begin XCBuildConfiguration section */
		BA7E8CB32012632F0075DAD4 /* Debug */ = {
			isa = XCBuildConfiguration;
			buildSettings = {
				ALWAYS_SEARCH_USER_PATHS = NO;
				CLANG_ANALYZER_NONNULL = YES;
				CLANG_ANALYZER_NUMBER_OBJECT_CONVERSION = YES_AGGRESSIVE;
				CLANG_CXX_LANGUAGE_STANDARD = "gnu++14";
				CLANG_CXX_LIBRARY = "libc++";
				CLANG_ENABLE_MODULES = YES;
				CLANG_ENABLE_OBJC_ARC = YES;
				CLANG_WARN_BLOCK_CAPTURE_AUTORELEASING = YES;
				CLANG_WARN_BOOL_CONVERSION = YES;
				CLANG_WARN_COMMA = YES;
				CLANG_WARN_CONSTANT_CONVERSION = YES;
				CLANG_WARN_DIRECT_OBJC_ISA_USAGE = YES_ERROR;
				CLANG_WARN_DOCUMENTATION_COMMENTS = YES;
				CLANG_WARN_EMPTY_BODY = YES;
				CLANG_WARN_ENUM_CONVERSION = YES;
				CLANG_WARN_INFINITE_RECURSION = YES;
				CLANG_WARN_INT_CONVERSION = YES;
				CLANG_WARN_NON_LITERAL_NULL_CONVERSION = YES;
				CLANG_WARN_OBJC_LITERAL_CONVERSION = YES;
				CLANG_WARN_OBJC_ROOT_CLASS = YES_ERROR;
				CLANG_WARN_RANGE_LOOP_ANALYSIS = YES;
				CLANG_WARN_STRICT_PROTOTYPES = YES;
				CLANG_WARN_SUSPICIOUS_MOVE = YES;
				CLANG_WARN_UNGUARDED_AVAILABILITY = YES_AGGRESSIVE;
				CLANG_WARN_UNREACHABLE_CODE = YES;
				CLANG_WARN__DUPLICATE_METHOD_MATCH = YES;
				CODE_SIGN_IDENTITY = "iPhone Developer";
				COPY_PHASE_STRIP = NO;
				DEBUG_INFORMATION_FORMAT = dwarf;
				ENABLE_STRICT_OBJC_MSGSEND = YES;
				ENABLE_TESTABILITY = YES;
				GCC_C_LANGUAGE_STANDARD = gnu11;
				GCC_DYNAMIC_NO_PIC = NO;
				GCC_NO_COMMON_BLOCKS = YES;
				GCC_OPTIMIZATION_LEVEL = 0;
				GCC_PREPROCESSOR_DEFINITIONS = (
					"DEBUG=1",
					"$(inherited)",
				);
				GCC_WARN_64_TO_32_BIT_CONVERSION = YES;
				GCC_WARN_ABOUT_RETURN_TYPE = YES_ERROR;
				GCC_WARN_UNDECLARED_SELECTOR = YES;
				GCC_WARN_UNINITIALIZED_AUTOS = YES_AGGRESSIVE;
				GCC_WARN_UNUSED_FUNCTION = YES;
				GCC_WARN_UNUSED_VARIABLE = YES;
				IPHONEOS_DEPLOYMENT_TARGET = 11.2;
				MTL_ENABLE_DEBUG_INFO = YES;
				ONLY_ACTIVE_ARCH = YES;
				SDKROOT = iphoneos;
				SWIFT_ACTIVE_COMPILATION_CONDITIONS = DEBUG;
				SWIFT_OPTIMIZATION_LEVEL = "-Onone";
			};
			name = Debug;
		};
		BA7E8CB42012632F0075DAD4 /* Release */ = {
			isa = XCBuildConfiguration;
			buildSettings = {
				ALWAYS_SEARCH_USER_PATHS = NO;
				CLANG_ANALYZER_NONNULL = YES;
				CLANG_ANALYZER_NUMBER_OBJECT_CONVERSION = YES_AGGRESSIVE;
				CLANG_CXX_LANGUAGE_STANDARD = "gnu++14";
				CLANG_CXX_LIBRARY = "libc++";
				CLANG_ENABLE_MODULES = YES;
				CLANG_ENABLE_OBJC_ARC = YES;
				CLANG_WARN_BLOCK_CAPTURE_AUTORELEASING = YES;
				CLANG_WARN_BOOL_CONVERSION = YES;
				CLANG_WARN_COMMA = YES;
				CLANG_WARN_CONSTANT_CONVERSION = YES;
				CLANG_WARN_DIRECT_OBJC_ISA_USAGE = YES_ERROR;
				CLANG_WARN_DOCUMENTATION_COMMENTS = YES;
				CLANG_WARN_EMPTY_BODY = YES;
				CLANG_WARN_ENUM_CONVERSION = YES;
				CLANG_WARN_INFINITE_RECURSION = YES;
				CLANG_WARN_INT_CONVERSION = YES;
				CLANG_WARN_NON_LITERAL_NULL_CONVERSION = YES;
				CLANG_WARN_OBJC_LITERAL_CONVERSION = YES;
				CLANG_WARN_OBJC_ROOT_CLASS = YES_ERROR;
				CLANG_WARN_RANGE_LOOP_ANALYSIS = YES;
				CLANG_WARN_STRICT_PROTOTYPES = YES;
				CLANG_WARN_SUSPICIOUS_MOVE = YES;
				CLANG_WARN_UNGUARDED_AVAILABILITY = YES_AGGRESSIVE;
				CLANG_WARN_UNREACHABLE_CODE = YES;
				CLANG_WARN__DUPLICATE_METHOD_MATCH = YES;
				CODE_SIGN_IDENTITY = "iPhone Developer";
				COPY_PHASE_STRIP = NO;
				DEBUG_INFORMATION_FORMAT = "dwarf-with-dsym";
				ENABLE_NS_ASSERTIONS = NO;
				ENABLE_STRICT_OBJC_MSGSEND = YES;
				GCC_C_LANGUAGE_STANDARD = gnu11;
				GCC_NO_COMMON_BLOCKS = YES;
				GCC_WARN_64_TO_32_BIT_CONVERSION = YES;
				GCC_WARN_ABOUT_RETURN_TYPE = YES_ERROR;
				GCC_WARN_UNDECLARED_SELECTOR = YES;
				GCC_WARN_UNINITIALIZED_AUTOS = YES_AGGRESSIVE;
				GCC_WARN_UNUSED_FUNCTION = YES;
				GCC_WARN_UNUSED_VARIABLE = YES;
				IPHONEOS_DEPLOYMENT_TARGET = 11.2;
				MTL_ENABLE_DEBUG_INFO = NO;
				SDKROOT = iphoneos;
				SWIFT_OPTIMIZATION_LEVEL = "-Owholemodule";
				VALIDATE_PRODUCT = YES;
			};
			name = Release;
		};
		BA7E8CB62012632F0075DAD4 /* Debug */ = {
			isa = XCBuildConfiguration;
			baseConfigurationReference = 14B00FCF8B1540E3C61C1061 /* Pods-SmackApp.debug.xcconfig */;
			buildSettings = {
				ASSETCATALOG_COMPILER_APPICON_NAME = AppIcon;
				CLANG_ENABLE_MODULES = YES;
				CODE_SIGN_STYLE = Automatic;
				DEVELOPMENT_TEAM = JL84E9GK95;
				INFOPLIST_FILE = SmackApp/Info.plist;
				LD_RUNPATH_SEARCH_PATHS = "$(inherited) @executable_path/Frameworks";
				PRODUCT_BUNDLE_IDENTIFIER = com.victor.SmackApp;
				PRODUCT_NAME = "$(TARGET_NAME)";
				SWIFT_OBJC_BRIDGING_HEADER = "SmackApp/Supporting Files/SmackApp-Bridging-Header.h";
				SWIFT_OPTIMIZATION_LEVEL = "-Onone";
				SWIFT_VERSION = 4.0;
				TARGETED_DEVICE_FAMILY = "1,2";
			};
			name = Debug;
		};
		BA7E8CB72012632F0075DAD4 /* Release */ = {
			isa = XCBuildConfiguration;
			baseConfigurationReference = A07062B7BA573304FD51712E /* Pods-SmackApp.release.xcconfig */;
			buildSettings = {
				ASSETCATALOG_COMPILER_APPICON_NAME = AppIcon;
				CLANG_ENABLE_MODULES = YES;
				CODE_SIGN_STYLE = Automatic;
				DEVELOPMENT_TEAM = JL84E9GK95;
				INFOPLIST_FILE = SmackApp/Info.plist;
				LD_RUNPATH_SEARCH_PATHS = "$(inherited) @executable_path/Frameworks";
				PRODUCT_BUNDLE_IDENTIFIER = com.victor.SmackApp;
				PRODUCT_NAME = "$(TARGET_NAME)";
				SWIFT_OBJC_BRIDGING_HEADER = "SmackApp/Supporting Files/SmackApp-Bridging-Header.h";
				SWIFT_VERSION = 4.0;
				TARGETED_DEVICE_FAMILY = "1,2";
			};
			name = Release;
		};
/* End XCBuildConfiguration section */

/* Begin XCConfigurationList section */
		BA7E8C9E2012632F0075DAD4 /* Build configuration list for PBXProject "SmackApp" */ = {
			isa = XCConfigurationList;
			buildConfigurations = (
				BA7E8CB32012632F0075DAD4 /* Debug */,
				BA7E8CB42012632F0075DAD4 /* Release */,
			);
			defaultConfigurationIsVisible = 0;
			defaultConfigurationName = Release;
		};
		BA7E8CB52012632F0075DAD4 /* Build configuration list for PBXNativeTarget "SmackApp" */ = {
			isa = XCConfigurationList;
			buildConfigurations = (
				BA7E8CB62012632F0075DAD4 /* Debug */,
				BA7E8CB72012632F0075DAD4 /* Release */,
			);
			defaultConfigurationIsVisible = 0;
			defaultConfigurationName = Release;
		};
/* End XCConfigurationList section */
	};
	rootObject = BA7E8C9B2012632F0075DAD4 /* Project object */;
}
